
Microsoft Visual Studio Solution File, Format Version 12.00
# Visual Studio Version 16
VisualStudioVersion = 16.0.29102.190
MinimumVisualStudioVersion = 10.0.40219.1
Project("{FAE04EC0-301F-11D3-BF4B-00C04F79EFBC}") = "Lab 9 GetToKnowYourFriends(lists)", "Lab 9 GetToKnowYourFriends(lists)\Lab 9 GetToKnowYourFriends(lists).csproj", "{7A00AAD6-CD33-4D7B-B3A2-79228DF26FFD}"
EndProject
Global
	GlobalSection(SolutionConfigurationPlatforms) = preSolution
		Debug|Any CPU = Debug|Any CPU
		Release|Any CPU = Release|Any CPU
	EndGlobalSection
	GlobalSection(ProjectConfigurationPlatforms) = postSolution
		{7A00AAD6-CD33-4D7B-B3A2-79228DF26FFD}.Debug|Any CPU.ActiveCfg = Debug|Any CPU
		{7A00AAD6-CD33-4D7B-B3A2-79228DF26FFD}.Debug|Any CPU.Build.0 = Debug|Any CPU
		{7A00AAD6-CD33-4D7B-B3A2-79228DF26FFD}.Release|Any CPU.ActiveCfg = Release|Any CPU
		{7A00AAD6-CD33-4D7B-B3A2-79228DF26FFD}.Release|Any CPU.Build.0 = Release|Any CPU
	EndGlobalSection
	GlobalSection(SolutionProperties) = preSolution
		HideSolutionNode = FALSE
	EndGlobalSection
	GlobalSection(ExtensibilityGlobals) = postSolution
		SolutionGuid = {5AC5779E-3594-4279-B981-D9A728EB5A2F}
	EndGlobalSection
EndGlobal
